# THIS IS AN AUTOGENERATED FILE. DO NOT EDIT THIS FILE DIRECTLY.
# yarn lockfile v1


"@aave/contract-helpers@^1.38.0":
  version "1.38.0"
  resolved "https://registry.yarnpkg.com/@aave/contract-helpers/-/contract-helpers-1.38.0.tgz#0b2f11d4ce89474a6bd4d05bd63684ded599dc31"
  integrity sha512-Z0lGFcU77OH+NaAUP3REJ9iGws+Fjndg2xtSHmGCu/ZJUL6MZsEjKhw4U6pxJXVOnCPZQsgflcrANnLX8z/JjA==
  dependencies:
    isomorphic-unfetch "^3.1.0"

"@aave/math-utils@^1.38.0":
  version "1.38.0"
  resolved "https://registry.yarnpkg.com/@aave/math-utils/-/math-utils-1.38.0.tgz#fbeac5cbb5100bccb5f9ebaa80d73b8e7da418b6"
  integrity sha512-Zeq2Dpflb5zst3OZKHA7UMVI4wcfpxbxA8tXZyVTmw313Q7oF1oOctrEF3JnfyjcyusmU91qdJRrCAXQrQtyXA==

"@commander-js/extra-typings@^13.1.0":
  version "13.1.0"
  resolved "https://registry.yarnpkg.com/@commander-js/extra-typings/-/extra-typings-13.1.0.tgz#026e29b04401c92fc4307223fbaadf1ff3e5551e"
  integrity sha512-q5P52BYb1hwVWE6dtID7VvuJWrlfbCv4klj7BjUUOqMz4jbSZD4C9fJ9lRjL2jnBGTg+gDDlaXN51rkWcLk4fg==

"@cowprotocol/ts-dune-client@^0.0.2":
  version "0.0.2"
  resolved "https://registry.npmjs.org/@cowprotocol/ts-dune-client/-/ts-dune-client-0.0.2.tgz"
  integrity sha512-OtqzwjmTQpvhDiWpgROleTff4XASMoa4GElEvFYgzlg/W90GV1vS187XxZbCKRg2vmBI8SLZAB/8hmH93hWV4Q==
  dependencies:
    cross-fetch "^3.1.5"
    loglevel "^1.8.0"

"@cspotcode/source-map-support@^0.8.0":
  version "0.8.1"
  resolved "https://registry.npmjs.org/@cspotcode/source-map-support/-/source-map-support-0.8.1.tgz"
  integrity sha512-IchNf6dN4tHoMFIn/7OE8LWZ19Y6q/67Bmf6vnGREv8RSbBVb9LPJxEcnwrcwX6ixSvaiGoomAUvu4YSxXrVgw==
  dependencies:
    "@jridgewell/trace-mapping" "0.3.9"

"@ethersproject/abi@5.8.0", "@ethersproject/abi@^5.8.0":
  version "5.8.0"
  resolved "https://registry.yarnpkg.com/@ethersproject/abi/-/abi-5.8.0.tgz#e79bb51940ac35fe6f3262d7fe2cdb25ad5f07d9"
  integrity sha512-b9YS/43ObplgyV6SlyQsG53/vkSal0MNA1fskSC4mbnCMi8R+NkcH8K9FPYNESf6jUefBUniE4SOKms0E/KK1Q==
  dependencies:
    "@ethersproject/address" "^5.8.0"
    "@ethersproject/bignumber" "^5.8.0"
    "@ethersproject/bytes" "^5.8.0"
    "@ethersproject/constants" "^5.8.0"
    "@ethersproject/hash" "^5.8.0"
    "@ethersproject/keccak256" "^5.8.0"
    "@ethersproject/logger" "^5.8.0"
    "@ethersproject/properties" "^5.8.0"
    "@ethersproject/strings" "^5.8.0"

"@ethersproject/abstract-provider@5.8.0", "@ethersproject/abstract-provider@^5.8.0":
  version "5.8.0"
  resolved "https://registry.yarnpkg.com/@ethersproject/abstract-provider/-/abstract-provider-5.8.0.tgz#7581f9be601afa1d02b95d26b9d9840926a35b0c"
  integrity sha512-wC9SFcmh4UK0oKuLJQItoQdzS/qZ51EJegK6EmAWlh+OptpQ/npECOR3QqECd8iGHC0RJb4WKbVdSfif4ammrg==
  dependencies:
    "@ethersproject/bignumber" "^5.8.0"
    "@ethersproject/bytes" "^5.8.0"
    "@ethersproject/logger" "^5.8.0"
    "@ethersproject/networks" "^5.8.0"
    "@ethersproject/properties" "^5.8.0"
    "@ethersproject/transactions" "^5.8.0"
    "@ethersproject/web" "^5.8.0"

"@ethersproject/abstract-signer@5.8.0", "@ethersproject/abstract-signer@^5.8.0":
  version "5.8.0"
  resolved "https://registry.yarnpkg.com/@ethersproject/abstract-signer/-/abstract-signer-5.8.0.tgz#8d7417e95e4094c1797a9762e6789c7356db0754"
  integrity sha512-N0XhZTswXcmIZQdYtUnd79VJzvEwXQw6PK0dTl9VoYrEBxxCPXqS0Eod7q5TNKRxe1/5WUMuR0u0nqTF/avdCA==
  dependencies:
    "@ethersproject/abstract-provider" "^5.8.0"
    "@ethersproject/bignumber" "^5.8.0"
    "@ethersproject/bytes" "^5.8.0"
    "@ethersproject/logger" "^5.8.0"
    "@ethersproject/properties" "^5.8.0"

"@ethersproject/address@5.8.0", "@ethersproject/address@^5.8.0":
  version "5.8.0"
  resolved "https://registry.yarnpkg.com/@ethersproject/address/-/address-5.8.0.tgz#3007a2c352eee566ad745dca1dbbebdb50a6a983"
  integrity sha512-GhH/abcC46LJwshoN+uBNoKVFPxUuZm6dA257z0vZkKmU1+t8xTn8oK7B9qrj8W2rFRMch4gbJl6PmVxjxBEBA==
  dependencies:
    "@ethersproject/bignumber" "^5.8.0"
    "@ethersproject/bytes" "^5.8.0"
    "@ethersproject/keccak256" "^5.8.0"
    "@ethersproject/logger" "^5.8.0"
    "@ethersproject/rlp" "^5.8.0"

"@ethersproject/base64@5.8.0", "@ethersproject/base64@^5.8.0":
  version "5.8.0"
  resolved "https://registry.yarnpkg.com/@ethersproject/base64/-/base64-5.8.0.tgz#61c669c648f6e6aad002c228465d52ac93ee83eb"
  integrity sha512-lN0oIwfkYj9LbPx4xEkie6rAMJtySbpOAFXSDVQaBnAzYfB4X2Qr+FXJGxMoc3Bxp2Sm8OwvzMrywxyw0gLjIQ==
  dependencies:
    "@ethersproject/bytes" "^5.8.0"

"@ethersproject/basex@5.8.0", "@ethersproject/basex@^5.8.0":
  version "5.8.0"
  resolved "https://registry.yarnpkg.com/@ethersproject/basex/-/basex-5.8.0.tgz#1d279a90c4be84d1c1139114a1f844869e57d03a"
  integrity sha512-PIgTszMlDRmNwW9nhS6iqtVfdTAKosA7llYXNmGPw4YAI1PUyMv28988wAb41/gHF/WqGdoLv0erHaRcHRKW2Q==
  dependencies:
    "@ethersproject/bytes" "^5.8.0"
    "@ethersproject/properties" "^5.8.0"

"@ethersproject/bignumber@5.8.0", "@ethersproject/bignumber@^5.8.0":
  version "5.8.0"
  resolved "https://registry.yarnpkg.com/@ethersproject/bignumber/-/bignumber-5.8.0.tgz#c381d178f9eeb370923d389284efa19f69efa5d7"
  integrity sha512-ZyaT24bHaSeJon2tGPKIiHszWjD/54Sz8t57Toch475lCLljC6MgPmxk7Gtzz+ddNN5LuHea9qhAe0x3D+uYPA==
  dependencies:
    "@ethersproject/bytes" "^5.8.0"
    "@ethersproject/logger" "^5.8.0"
    bn.js "^5.2.1"

"@ethersproject/bytes@5.8.0", "@ethersproject/bytes@^5.8.0":
  version "5.8.0"
  resolved "https://registry.yarnpkg.com/@ethersproject/bytes/-/bytes-5.8.0.tgz#9074820e1cac7507a34372cadeb035461463be34"
  integrity sha512-vTkeohgJVCPVHu5c25XWaWQOZ4v+DkGoC42/TS2ond+PARCxTJvgTFUNDZovyQ/uAQ4EcpqqowKydcdmRKjg7A==
  dependencies:
    "@ethersproject/logger" "^5.8.0"

"@ethersproject/constants@5.8.0", "@ethersproject/constants@^5.8.0":
  version "5.8.0"
  resolved "https://registry.yarnpkg.com/@ethersproject/constants/-/constants-5.8.0.tgz#12f31c2f4317b113a4c19de94e50933648c90704"
  integrity sha512-wigX4lrf5Vu+axVTIvNsuL6YrV4O5AXl5ubcURKMEME5TnWBouUh0CDTWxZ2GpnRn1kcCgE7l8O5+VbV9QTTcg==
  dependencies:
    "@ethersproject/bignumber" "^5.8.0"

"@ethersproject/contracts@5.8.0":
  version "5.8.0"
  resolved "https://registry.yarnpkg.com/@ethersproject/contracts/-/contracts-5.8.0.tgz#243a38a2e4aa3e757215ea64e276f8a8c9d8ed73"
  integrity sha512-0eFjGz9GtuAi6MZwhb4uvUM216F38xiuR0yYCjKJpNfSEy4HUM8hvqqBj9Jmm0IUz8l0xKEhWwLIhPgxNY0yvQ==
  dependencies:
    "@ethersproject/abi" "^5.8.0"
    "@ethersproject/abstract-provider" "^5.8.0"
    "@ethersproject/abstract-signer" "^5.8.0"
    "@ethersproject/address" "^5.8.0"
    "@ethersproject/bignumber" "^5.8.0"
    "@ethersproject/bytes" "^5.8.0"
    "@ethersproject/constants" "^5.8.0"
    "@ethersproject/logger" "^5.8.0"
    "@ethersproject/properties" "^5.8.0"
    "@ethersproject/transactions" "^5.8.0"

"@ethersproject/hash@5.8.0", "@ethersproject/hash@^5.8.0":
  version "5.8.0"
  resolved "https://registry.yarnpkg.com/@ethersproject/hash/-/hash-5.8.0.tgz#b8893d4629b7f8462a90102572f8cd65a0192b4c"
  integrity sha512-ac/lBcTbEWW/VGJij0CNSw/wPcw9bSRgCB0AIBz8CvED/jfvDoV9hsIIiWfvWmFEi8RcXtlNwp2jv6ozWOsooA==
  dependencies:
    "@ethersproject/abstract-signer" "^5.8.0"
    "@ethersproject/address" "^5.8.0"
    "@ethersproject/base64" "^5.8.0"
    "@ethersproject/bignumber" "^5.8.0"
    "@ethersproject/bytes" "^5.8.0"
    "@ethersproject/keccak256" "^5.8.0"
    "@ethersproject/logger" "^5.8.0"
    "@ethersproject/properties" "^5.8.0"
    "@ethersproject/strings" "^5.8.0"

"@ethersproject/hdnode@5.8.0", "@ethersproject/hdnode@^5.8.0":
  version "5.8.0"
  resolved "https://registry.yarnpkg.com/@ethersproject/hdnode/-/hdnode-5.8.0.tgz#a51ae2a50bcd48ef6fd108c64cbae5e6ff34a761"
  integrity sha512-4bK1VF6E83/3/Im0ERnnUeWOY3P1BZml4ZD3wcH8Ys0/d1h1xaFt6Zc+Dh9zXf9TapGro0T4wvO71UTCp3/uoA==
  dependencies:
    "@ethersproject/abstract-signer" "^5.8.0"
    "@ethersproject/basex" "^5.8.0"
    "@ethersproject/bignumber" "^5.8.0"
    "@ethersproject/bytes" "^5.8.0"
    "@ethersproject/logger" "^5.8.0"
    "@ethersproject/pbkdf2" "^5.8.0"
    "@ethersproject/properties" "^5.8.0"
    "@ethersproject/sha2" "^5.8.0"
    "@ethersproject/signing-key" "^5.8.0"
    "@ethersproject/strings" "^5.8.0"
    "@ethersproject/transactions" "^5.8.0"
    "@ethersproject/wordlists" "^5.8.0"

"@ethersproject/json-wallets@5.8.0", "@ethersproject/json-wallets@^5.8.0":
  version "5.8.0"
  resolved "https://registry.yarnpkg.com/@ethersproject/json-wallets/-/json-wallets-5.8.0.tgz#d18de0a4cf0f185f232eb3c17d5e0744d97eb8c9"
  integrity sha512-HxblNck8FVUtNxS3VTEYJAcwiKYsBIF77W15HufqlBF9gGfhmYOJtYZp8fSDZtn9y5EaXTE87zDwzxRoTFk11w==
  dependencies:
    "@ethersproject/abstract-signer" "^5.8.0"
    "@ethersproject/address" "^5.8.0"
    "@ethersproject/bytes" "^5.8.0"
    "@ethersproject/hdnode" "^5.8.0"
    "@ethersproject/keccak256" "^5.8.0"
    "@ethersproject/logger" "^5.8.0"
    "@ethersproject/pbkdf2" "^5.8.0"
    "@ethersproject/properties" "^5.8.0"
    "@ethersproject/random" "^5.8.0"
    "@ethersproject/strings" "^5.8.0"
    "@ethersproject/transactions" "^5.8.0"
    aes-js "3.0.0"
    scrypt-js "3.0.1"

"@ethersproject/keccak256@5.8.0", "@ethersproject/keccak256@^5.8.0":
  version "5.8.0"
  resolved "https://registry.yarnpkg.com/@ethersproject/keccak256/-/keccak256-5.8.0.tgz#d2123a379567faf2d75d2aaea074ffd4df349e6a"
  integrity sha512-A1pkKLZSz8pDaQ1ftutZoaN46I6+jvuqugx5KYNeQOPqq+JZ0Txm7dlWesCHB5cndJSu5vP2VKptKf7cksERng==
  dependencies:
    "@ethersproject/bytes" "^5.8.0"
    js-sha3 "0.8.0"

"@ethersproject/logger@5.8.0", "@ethersproject/logger@^5.8.0":
  version "5.8.0"
  resolved "https://registry.yarnpkg.com/@ethersproject/logger/-/logger-5.8.0.tgz#f0232968a4f87d29623a0481690a2732662713d6"
  integrity sha512-Qe6knGmY+zPPWTC+wQrpitodgBfH7XoceCGL5bJVejmH+yCS3R8jJm8iiWuvWbG76RUmyEG53oqv6GMVWqunjA==

"@ethersproject/networks@5.8.0", "@ethersproject/networks@^5.8.0":
  version "5.8.0"
  resolved "https://registry.yarnpkg.com/@ethersproject/networks/-/networks-5.8.0.tgz#8b4517a3139380cba9fb00b63ffad0a979671fde"
  integrity sha512-egPJh3aPVAzbHwq8DD7Po53J4OUSsA1MjQp8Vf/OZPav5rlmWUaFLiq8cvQiGK0Z5K6LYzm29+VA/p4RL1FzNg==
  dependencies:
    "@ethersproject/logger" "^5.8.0"

"@ethersproject/pbkdf2@5.8.0", "@ethersproject/pbkdf2@^5.8.0":
  version "5.8.0"
  resolved "https://registry.yarnpkg.com/@ethersproject/pbkdf2/-/pbkdf2-5.8.0.tgz#cd2621130e5dd51f6a0172e63a6e4a0c0a0ec37e"
  integrity sha512-wuHiv97BrzCmfEaPbUFpMjlVg/IDkZThp9Ri88BpjRleg4iePJaj2SW8AIyE8cXn5V1tuAaMj6lzvsGJkGWskg==
  dependencies:
    "@ethersproject/bytes" "^5.8.0"
    "@ethersproject/sha2" "^5.8.0"

"@ethersproject/properties@5.8.0", "@ethersproject/properties@^5.8.0":
  version "5.8.0"
  resolved "https://registry.yarnpkg.com/@ethersproject/properties/-/properties-5.8.0.tgz#405a8affb6311a49a91dabd96aeeae24f477020e"
  integrity sha512-PYuiEoQ+FMaZZNGrStmN7+lWjlsoufGIHdww7454FIaGdbe/p5rnaCXTr5MtBYl3NkeoVhHZuyzChPeGeKIpQw==
  dependencies:
    "@ethersproject/logger" "^5.8.0"

"@ethersproject/providers@5.8.0":
  version "5.8.0"
  resolved "https://registry.yarnpkg.com/@ethersproject/providers/-/providers-5.8.0.tgz#6c2ae354f7f96ee150439f7de06236928bc04cb4"
  integrity sha512-3Il3oTzEx3o6kzcg9ZzbE+oCZYyY+3Zh83sKkn4s1DZfTUjIegHnN2Cm0kbn9YFy45FDVcuCLLONhU7ny0SsCw==
  dependencies:
    "@ethersproject/abstract-provider" "^5.8.0"
    "@ethersproject/abstract-signer" "^5.8.0"
    "@ethersproject/address" "^5.8.0"
    "@ethersproject/base64" "^5.8.0"
    "@ethersproject/basex" "^5.8.0"
    "@ethersproject/bignumber" "^5.8.0"
    "@ethersproject/bytes" "^5.8.0"
    "@ethersproject/constants" "^5.8.0"
    "@ethersproject/hash" "^5.8.0"
    "@ethersproject/logger" "^5.8.0"
    "@ethersproject/networks" "^5.8.0"
    "@ethersproject/properties" "^5.8.0"
    "@ethersproject/random" "^5.8.0"
    "@ethersproject/rlp" "^5.8.0"
    "@ethersproject/sha2" "^5.8.0"
    "@ethersproject/strings" "^5.8.0"
    "@ethersproject/transactions" "^5.8.0"
    "@ethersproject/web" "^5.8.0"
    bech32 "1.1.4"
    ws "8.18.0"

"@ethersproject/random@5.8.0", "@ethersproject/random@^5.8.0":
  version "5.8.0"
  resolved "https://registry.yarnpkg.com/@ethersproject/random/-/random-5.8.0.tgz#1bced04d49449f37c6437c701735a1a022f0057a"
  integrity sha512-E4I5TDl7SVqyg4/kkA/qTfuLWAQGXmSOgYyO01So8hLfwgKvYK5snIlzxJMk72IFdG/7oh8yuSqY2KX7MMwg+A==
  dependencies:
    "@ethersproject/bytes" "^5.8.0"
    "@ethersproject/logger" "^5.8.0"

"@ethersproject/rlp@5.8.0", "@ethersproject/rlp@^5.8.0":
  version "5.8.0"
  resolved "https://registry.yarnpkg.com/@ethersproject/rlp/-/rlp-5.8.0.tgz#5a0d49f61bc53e051532a5179472779141451de5"
  integrity sha512-LqZgAznqDbiEunaUvykH2JAoXTT9NV0Atqk8rQN9nx9SEgThA/WMx5DnW8a9FOufo//6FZOCHZ+XiClzgbqV9Q==
  dependencies:
    "@ethersproject/bytes" "^5.8.0"
    "@ethersproject/logger" "^5.8.0"

"@ethersproject/sha2@5.8.0", "@ethersproject/sha2@^5.8.0":
  version "5.8.0"
  resolved "https://registry.yarnpkg.com/@ethersproject/sha2/-/sha2-5.8.0.tgz#8954a613bb78dac9b46829c0a95de561ef74e5e1"
  integrity sha512-dDOUrXr9wF/YFltgTBYS0tKslPEKr6AekjqDW2dbn1L1xmjGR+9GiKu4ajxovnrDbwxAKdHjW8jNcwfz8PAz4A==
  dependencies:
    "@ethersproject/bytes" "^5.8.0"
    "@ethersproject/logger" "^5.8.0"
    hash.js "1.1.7"

"@ethersproject/signing-key@5.8.0", "@ethersproject/signing-key@^5.8.0":
  version "5.8.0"
  resolved "https://registry.yarnpkg.com/@ethersproject/signing-key/-/signing-key-5.8.0.tgz#9797e02c717b68239c6349394ea85febf8893119"
  integrity sha512-LrPW2ZxoigFi6U6aVkFN/fa9Yx/+4AtIUe4/HACTvKJdhm0eeb107EVCIQcrLZkxaSIgc/eCrX8Q1GtbH+9n3w==
  dependencies:
    "@ethersproject/bytes" "^5.8.0"
    "@ethersproject/logger" "^5.8.0"
    "@ethersproject/properties" "^5.8.0"
    bn.js "^5.2.1"
    elliptic "6.6.1"
    hash.js "1.1.7"

"@ethersproject/solidity@5.8.0":
  version "5.8.0"
  resolved "https://registry.yarnpkg.com/@ethersproject/solidity/-/solidity-5.8.0.tgz#429bb9fcf5521307a9448d7358c26b93695379b9"
  integrity sha512-4CxFeCgmIWamOHwYN9d+QWGxye9qQLilpgTU0XhYs1OahkclF+ewO+3V1U0mvpiuQxm5EHHmv8f7ClVII8EHsA==
  dependencies:
    "@ethersproject/bignumber" "^5.8.0"
    "@ethersproject/bytes" "^5.8.0"
    "@ethersproject/keccak256" "^5.8.0"
    "@ethersproject/logger" "^5.8.0"
    "@ethersproject/sha2" "^5.8.0"
    "@ethersproject/strings" "^5.8.0"

"@ethersproject/strings@5.8.0", "@ethersproject/strings@^5.8.0":
  version "5.8.0"
  resolved "https://registry.yarnpkg.com/@ethersproject/strings/-/strings-5.8.0.tgz#ad79fafbf0bd272d9765603215ac74fd7953908f"
  integrity sha512-qWEAk0MAvl0LszjdfnZ2uC8xbR2wdv4cDabyHiBh3Cldq/T8dPH3V4BbBsAYJUeonwD+8afVXld274Ls+Y1xXg==
  dependencies:
    "@ethersproject/bytes" "^5.8.0"
    "@ethersproject/constants" "^5.8.0"
    "@ethersproject/logger" "^5.8.0"

"@ethersproject/transactions@5.8.0", "@ethersproject/transactions@^5.8.0":
  version "5.8.0"
  resolved "https://registry.yarnpkg.com/@ethersproject/transactions/-/transactions-5.8.0.tgz#1e518822403abc99def5a043d1c6f6fe0007e46b"
  integrity sha512-UglxSDjByHG0TuU17bDfCemZ3AnKO2vYrL5/2n2oXvKzvb7Cz+W9gOWXKARjp2URVwcWlQlPOEQyAviKwT4AHg==
  dependencies:
    "@ethersproject/address" "^5.8.0"
    "@ethersproject/bignumber" "^5.8.0"
    "@ethersproject/bytes" "^5.8.0"
    "@ethersproject/constants" "^5.8.0"
    "@ethersproject/keccak256" "^5.8.0"
    "@ethersproject/logger" "^5.8.0"
    "@ethersproject/properties" "^5.8.0"
    "@ethersproject/rlp" "^5.8.0"
    "@ethersproject/signing-key" "^5.8.0"

"@ethersproject/units@5.8.0":
  version "5.8.0"
  resolved "https://registry.yarnpkg.com/@ethersproject/units/-/units-5.8.0.tgz#c12f34ba7c3a2de0e9fa0ed0ee32f3e46c5c2c6a"
  integrity sha512-lxq0CAnc5kMGIiWW4Mr041VT8IhNM+Pn5T3haO74XZWFulk7wH1Gv64HqE96hT4a7iiNMdOCFEBgaxWuk8ETKQ==
  dependencies:
    "@ethersproject/bignumber" "^5.8.0"
    "@ethersproject/constants" "^5.8.0"
    "@ethersproject/logger" "^5.8.0"

"@ethersproject/wallet@5.8.0":
  version "5.8.0"
  resolved "https://registry.yarnpkg.com/@ethersproject/wallet/-/wallet-5.8.0.tgz#49c300d10872e6986d953e8310dc33d440da8127"
  integrity sha512-G+jnzmgg6UxurVKRKvw27h0kvG75YKXZKdlLYmAHeF32TGUzHkOFd7Zn6QHOTYRFWnfjtSSFjBowKo7vfrXzPA==
  dependencies:
    "@ethersproject/abstract-provider" "^5.8.0"
    "@ethersproject/abstract-signer" "^5.8.0"
    "@ethersproject/address" "^5.8.0"
    "@ethersproject/bignumber" "^5.8.0"
    "@ethersproject/bytes" "^5.8.0"
    "@ethersproject/hash" "^5.8.0"
    "@ethersproject/hdnode" "^5.8.0"
    "@ethersproject/json-wallets" "^5.8.0"
    "@ethersproject/keccak256" "^5.8.0"
    "@ethersproject/logger" "^5.8.0"
    "@ethersproject/properties" "^5.8.0"
    "@ethersproject/random" "^5.8.0"
    "@ethersproject/signing-key" "^5.8.0"
    "@ethersproject/transactions" "^5.8.0"
    "@ethersproject/wordlists" "^5.8.0"

"@ethersproject/web@5.8.0", "@ethersproject/web@^5.8.0":
  version "5.8.0"
  resolved "https://registry.yarnpkg.com/@ethersproject/web/-/web-5.8.0.tgz#3e54badc0013b7a801463a7008a87988efce8a37"
  integrity sha512-j7+Ksi/9KfGviws6Qtf9Q7KCqRhpwrYKQPs+JBA/rKVFF/yaWLHJEH3zfVP2plVu+eys0d2DlFmhoQJayFewcw==
  dependencies:
    "@ethersproject/base64" "^5.8.0"
    "@ethersproject/bytes" "^5.8.0"
    "@ethersproject/logger" "^5.8.0"
    "@ethersproject/properties" "^5.8.0"
    "@ethersproject/strings" "^5.8.0"

"@ethersproject/wordlists@5.8.0", "@ethersproject/wordlists@^5.8.0":
  version "5.8.0"
  resolved "https://registry.yarnpkg.com/@ethersproject/wordlists/-/wordlists-5.8.0.tgz#7a5654ee8d1bb1f4dbe43f91d217356d650ad821"
  integrity sha512-2df9bbXicZws2Sb5S6ET493uJ0Z84Fjr3pC4tu/qlnZERibZCeUVuqdtt+7Tv9xxhUxHoIekIA7avrKUWHrezg==
  dependencies:
    "@ethersproject/bytes" "^5.8.0"
    "@ethersproject/hash" "^5.8.0"
    "@ethersproject/logger" "^5.8.0"
    "@ethersproject/properties" "^5.8.0"
    "@ethersproject/strings" "^5.8.0"

"@jridgewell/resolve-uri@^3.0.3":
  version "3.1.1"
  resolved "https://registry.npmjs.org/@jridgewell/resolve-uri/-/resolve-uri-3.1.1.tgz"
  integrity sha512-dSYZh7HhCDtCKm4QakX0xFpsRDqjjtZf/kjI/v3T3Nwt5r8/qz/M19F9ySyOqU94SXBmeG9ttTul+YnR4LOxFA==

"@jridgewell/sourcemap-codec@^1.4.10":
  version "1.4.15"
  resolved "https://registry.npmjs.org/@jridgewell/sourcemap-codec/-/sourcemap-codec-1.4.15.tgz"
  integrity sha512-eF2rxCRulEKXHTRiDrDy6erMYWqNw4LPdQ8UQA4huuxaQsVeRPFl2oM8oDGxMFhJUWZf9McpLtJasDDZb/Bpeg==

"@jridgewell/trace-mapping@0.3.9":
  version "0.3.9"
  resolved "https://registry.npmjs.org/@jridgewell/trace-mapping/-/trace-mapping-0.3.9.tgz"
  integrity sha512-3Belt6tdc8bPgAtbcmdtNJlirVoTmEb5e2gC94PnkwEW9jI6CAHUeoG85tjWP5WquqfavoMtMwiG4P926ZKKuQ==
  dependencies:
    "@jridgewell/resolve-uri" "^3.0.3"
    "@jridgewell/sourcemap-codec" "^1.4.10"

"@openzeppelin/contracts@^4.6.0":
  version "4.8.3"
  resolved "https://registry.npmjs.org/@openzeppelin/contracts/-/contracts-4.8.3.tgz"
  integrity sha512-bQHV8R9Me8IaJoJ2vPG4rXcL7seB7YVuskr4f+f5RyOStSZetwzkWtoqDMl5erkBJy0lDRUnIR2WIkPiC0GJlg==

"@solidity-parser/parser@^0.20.1":
  version "0.20.2"
  resolved "https://registry.yarnpkg.com/@solidity-parser/parser/-/parser-0.20.2.tgz#e07053488ed60dae1b54f6fe37bb6d2c5fe146a7"
  integrity sha512-rbu0bzwNvMcwAjH86hiEAcOeRI2EeK8zCkHDrFykh/Al8mvJeFmjy3UrE7GYQjNwOgbGUUtCn5/k8CB8zIu7QA==

"@tsconfig/node10@^1.0.7":
  version "1.0.9"
  resolved "https://registry.npmjs.org/@tsconfig/node10/-/node10-1.0.9.tgz"
  integrity sha512-jNsYVVxU8v5g43Erja32laIDHXeoNvFEpX33OK4d6hljo3jDhCBDhx5dhCCTMWUojscpAagGiRkBKxpdl9fxqA==

"@tsconfig/node12@^1.0.7":
  version "1.0.11"
  resolved "https://registry.npmjs.org/@tsconfig/node12/-/node12-1.0.11.tgz"
  integrity sha512-cqefuRsh12pWyGsIoBKJA9luFu3mRxCA+ORZvA4ktLSzIuCUtWVxGIuXigEwO5/ywWFMZ2QEGKWvkZG1zDMTag==

"@tsconfig/node14@^1.0.0":
  version "1.0.3"
  resolved "https://registry.npmjs.org/@tsconfig/node14/-/node14-1.0.3.tgz"
  integrity sha512-ysT8mhdixWK6Hw3i1V2AeRqZ5WfXg1G43mqoYlM2nc6388Fq5jcXyr5mRsqViLx/GJYdoL0bfXD8nmF+Zn/Iow==

"@tsconfig/node16@^1.0.2":
  version "1.0.3"
  resolved "https://registry.npmjs.org/@tsconfig/node16/-/node16-1.0.3.tgz"
  integrity sha512-yOlFc+7UtL/89t2ZhjPvvB/DeAr3r+Dq58IgzsFkOAvVC6NMJXmCGjbptdXdR9qsX7pKcTL+s87FtYREi2dEEQ==

"@types/bn.js@^5.1.0":
  version "5.1.1"
  resolved "https://registry.npmjs.org/@types/bn.js/-/bn.js-5.1.1.tgz"
  integrity sha512-qNrYbZqMx0uJAfKnKclPh+dTwK33KfLHYqtyODwd5HnXOjnkhc4qgn3BrK6RWyGZm5+sIFE7Q7Vz6QQtJB7w7g==
  dependencies:
    "@types/node" "*"

"@types/node@*":
  version "17.0.45"
  resolved "https://registry.npmjs.org/@types/node/-/node-17.0.45.tgz"
  integrity sha512-w+tIMs3rq2afQdsPJlODhoUEKzFP1ayaoyl1CcnwtIlsVe7K7bA1NGm4s3PraqTLlXnbIN84zuBlxBWo1u9BLw==

"@types/node@^22.20.1":
  version "22.20.1"
  resolved "https://registry.yarnpkg.com/@types/node/-/node-22.20.1.tgz#84e7cdf63cdaa20c134aa317ccc901aa21e16f0e"
  integrity sha512-EANqOCF9QFyra+4pfxUcX9STKJpCLjMbObVzljIJomAWSnuSIEAvyzEU53GaajbXJEgdh0iEcPL+DGvpUd4k1Q==
  dependencies:
    undici-types "~6.21.0"

"@types/pbkdf2@^3.0.0":
  version "3.1.0"
  resolved "https://registry.npmjs.org/@types/pbkdf2/-/pbkdf2-3.1.0.tgz"
  integrity sha512-Cf63Rv7jCQ0LaL8tNXmEyqTHuIJxRdlS5vMh1mj5voN4+QFhVZnlZruezqpWYDiJ8UTzhP0VmeLXCmBk66YrMQ==
  dependencies:
    "@types/node" "*"

"@types/secp256k1@^4.0.1":
  version "4.0.3"
  resolved "https://registry.npmjs.org/@types/secp256k1/-/secp256k1-4.0.3.tgz"
  integrity sha512-Da66lEIFeIz9ltsdMZcpQvmrmmoqrfju8pm1BH8WbYjZSwUgCwXLb9C+9XYogwBITnbsSaMdVPb2ekf7TV+03w==
  dependencies:
    "@types/node" "*"

acorn-walk@^8.1.1:
  version "8.2.0"
  resolved "https://registry.npmjs.org/acorn-walk/-/acorn-walk-8.2.0.tgz"
  integrity sha512-k+iyHEuPgSw6SbuDpGQM+06HQUa04DZ3o+F6CSzXMvvI5KMvnaEqXe+YVe555R9nn6GPt404fos4wcgpw12SDA==

acorn@^8.4.1:
  version "8.8.2"
  resolved "https://registry.npmjs.org/acorn/-/acorn-8.8.2.tgz"
  integrity sha512-xjIYgE8HBrkpd/sJqOGNspf8uHG+NOHGOw6a/Urj8taM2EXfdNAH2oFcPeIFfsv3+kz/mJrS5VuMqbNLjCa2vw==

aes-js@3.0.0:
  version "3.0.0"
  resolved "https://registry.npmjs.org/aes-js/-/aes-js-3.0.0.tgz"
  integrity sha512-H7wUZRn8WpTq9jocdxQ2c8x2sKo9ZVmzfRE13GiNJXfp7NcKYEdvl3vspKjXox6RIG2VtaRe4JFvxG4rqp2Zuw==

arg@^4.1.0:
  version "4.1.3"
  resolved "https://registry.npmjs.org/arg/-/arg-4.1.3.tgz"
  integrity sha512-58S9QDqG0Xx27YwPSt9fJxivjYl432YCwfDMfZ+71RAqUrZef7LrKQZ3LHLOwCS4FLNBplP533Zx895SeOCHvA==

base-x@^3.0.2:
  version "3.0.9"
  resolved "https://registry.npmjs.org/base-x/-/base-x-3.0.9.tgz"
  integrity sha512-H7JU6iBHTal1gp56aKoaa//YUxEaAOUiydvrV/pILqIHXTtqxSkATOnDA2u+jZ/61sD+L/412+7kzXRtWukhpQ==
  dependencies:
    safe-buffer "^5.0.1"

bech32@1.1.4:
  version "1.1.4"
  resolved "https://registry.npmjs.org/bech32/-/bech32-1.1.4.tgz"
  integrity sha512-s0IrSOzLlbvX7yp4WBfPITzpAU8sqQcpsmwXDiKwrG4r491vwCO/XpejasRNl0piBMe/DvP4Tz0mIS/X1DPJBQ==

bignumber.js@^9.1.1:
  version "9.1.1"
  resolved "https://registry.npmjs.org/bignumber.js/-/bignumber.js-9.1.1.tgz"
  integrity sha512-pHm4LsMJ6lzgNGVfZHjMoO8sdoRhOzOH4MLmY65Jg70bpxCKu5iOHNJyfF6OyvYw7t8Fpf35RuzUyqnQsj8Vig==

blakejs@^1.1.0:
  version "1.2.1"
  resolved "https://registry.npmjs.org/blakejs/-/blakejs-1.2.1.tgz"
  integrity sha512-QXUSXI3QVc/gJME0dBpXrag1kbzOqCjCX8/b54ntNyW6sjtoqxqRk3LTmXzaJoh71zMsDCjM+47jS7XiwN/+fQ==

bn.js@^4.11.9:
  version "4.12.0"
  resolved "https://registry.npmjs.org/bn.js/-/bn.js-4.12.0.tgz"
  integrity sha512-c98Bf3tPniI+scsdk237ku1Dc3ujXQTSgyiPUDEOe7tRkhrqridvh8klBv0HCEso1OLOYcHuCv/cS6DNxKH+ZA==

bn.js@^5.1.2, bn.js@^5.2.0, bn.js@^5.2.1:
  version "5.2.1"
  resolved "https://registry.npmjs.org/bn.js/-/bn.js-5.2.1.tgz"
  integrity sha512-eXRvHzWyYPBuB4NBy0cmYQjGitUrtqwbvlzP3G6VFnNRbsZQIxQ10PbKKHt8gZ/HW/D/747aDl+QkDqg3KQLMQ==

boolbase@^1.0.0:
  version "1.0.0"
  resolved "https://registry.npmjs.org/boolbase/-/boolbase-1.0.0.tgz"
  integrity sha512-JZOSA7Mo9sNGB8+UjSgzdLtokWAky1zbztM3WRLCbZ70/3cTANmQmOdR7y2g+J0e2WXywy1yS468tY+IruqEww==

brorand@^1.1.0:
  version "1.1.0"
  resolved "https://registry.npmjs.org/brorand/-/brorand-1.1.0.tgz"
  integrity sha512-cKV8tMCEpQs4hK/ik71d6LrPOnpkpGBR0wzxqr68g2m/LB2GxVYQroAjMJZRVM1Y4BCjCKc3vAamxSzOY2RP+w==

browserify-aes@^1.2.0:
  version "1.2.0"
  resolved "https://registry.npmjs.org/browserify-aes/-/browserify-aes-1.2.0.tgz"
  integrity sha512-+7CHXqGuspUn/Sl5aO7Ea0xWGAtETPXNSAjHo48JfLdPWcMng33Xe4znFvQweqc/uzk5zSOI3H52CYnjCfb5hA==
  dependencies:
    buffer-xor "^1.0.3"
    cipher-base "^1.0.0"
    create-hash "^1.1.0"
    evp_bytestokey "^1.0.3"
    inherits "^2.0.1"
    safe-buffer "^5.0.1"

bs58@^4.0.0:
  version "4.0.1"
  resolved "https://registry.npmjs.org/bs58/-/bs58-4.0.1.tgz"
  integrity sha512-Ok3Wdf5vOIlBrgCvTq96gBkJw+JUEzdBgyaza5HLtPm7yTHkjRy8+JzNyHF7BHa0bNWOQIp3m5YF0nnFcOIKLw==
  dependencies:
    base-x "^3.0.2"

bs58check@^2.1.2:
  version "2.1.2"
  resolved "https://registry.npmjs.org/bs58check/-/bs58check-2.1.2.tgz"
  integrity sha512-0TS1jicxdU09dwJMNZtVAfzPi6Q6QeN0pM1Fkzrjn+XYHvzMKPU3pHVpva+769iNVSfIYWf7LJ6WR+BuuMf8cA==
  dependencies:
    bs58 "^4.0.0"
    create-hash "^1.1.0"
    safe-buffer "^5.1.2"

buffer-xor@^1.0.3:
  version "1.0.3"
  resolved "https://registry.npmjs.org/buffer-xor/-/buffer-xor-1.0.3.tgz"
  integrity sha512-571s0T7nZWK6vB67HI5dyUF7wXiNcfaPPPTl6zYCNApANjIvYJTg7hlud/+cJpdAhS7dVzqMLmfhfHR3rAcOjQ==

cheerio-select@^2.1.0:
  version "2.1.0"
  resolved "https://registry.npmjs.org/cheerio-select/-/cheerio-select-2.1.0.tgz"
  integrity sha512-9v9kG0LvzrlcungtnJtpGNxY+fzECQKhK4EGJX2vByejiMX84MFNQw4UxPJl3bFbTMw+Dfs37XaIkCwTZfLh4g==
  dependencies:
    boolbase "^1.0.0"
    css-select "^5.1.0"
    css-what "^6.1.0"
    domelementtype "^2.3.0"
    domhandler "^5.0.3"
    domutils "^3.0.1"

cheerio@^1.0.0-rc.12:
  version "1.0.0-rc.12"
  resolved "https://registry.npmjs.org/cheerio/-/cheerio-1.0.0-rc.12.tgz"
  integrity sha512-VqR8m68vM46BNnuZ5NtnGBKIE/DfN0cRIzg9n40EIq9NOv90ayxLBXA8fXC5gquFRGJSTRqBq25Jt2ECLR431Q==
  dependencies:
    cheerio-select "^2.1.0"
    dom-serializer "^2.0.0"
    domhandler "^5.0.3"
    domutils "^3.0.1"
    htmlparser2 "^8.0.1"
    parse5 "^7.0.0"
    parse5-htmlparser2-tree-adapter "^7.0.0"

cipher-base@^1.0.0, cipher-base@^1.0.1, cipher-base@^1.0.3:
  version "1.0.4"
  resolved "https://registry.npmjs.org/cipher-base/-/cipher-base-1.0.4.tgz"
  integrity sha512-Kkht5ye6ZGmwv40uUDZztayT2ThLQGfnj/T71N/XzeZeo3nf8foyW7zGTsPYkEya3m5f3cAypH+qe7YOrM1U2Q==
  dependencies:
    inherits "^2.0.1"
    safe-buffer "^5.0.1"

commander@^13.1.0:
  version "13.1.0"
  resolved "https://registry.yarnpkg.com/commander/-/commander-13.1.0.tgz#776167db68c78f38dcce1f9b8d7b8b9a488abf46"
  integrity sha512-/rFeCpNJQbhSZjGVwO9RFV3xPqbnERS8MmIQzCtD/zl6gpJuV/bMLuN92oG3F7d8oDEHHRrujSXNUr8fpjntKw==

create-hash@^1.1.0, create-hash@^1.1.2, create-hash@^1.2.0:
  version "1.2.0"
  resolved "https://registry.npmjs.org/create-hash/-/create-hash-1.2.0.tgz"
  integrity sha512-z00bCGNHDG8mHAkP7CtT1qVu+bFQUPjYq/4Iv3C3kWjTFV10zIjfSoeqXo9Asws8gwSHDGj/hl2u4OGIjapeCg==
  dependencies:
    cipher-base "^1.0.1"
    inherits "^2.0.1"
    md5.js "^1.3.4"
    ripemd160 "^2.0.1"
    sha.js "^2.4.0"

create-hmac@^1.1.4, create-hmac@^1.1.7:
  version "1.1.7"
  resolved "https://registry.npmjs.org/create-hmac/-/create-hmac-1.1.7.tgz"
  integrity sha512-MJG9liiZ+ogc4TzUwuvbER1JRdgvUFSB5+VR/g5h82fGaIRWMWddtKBHi7/sVhfjQZ6SehlyhvQYrcYkaUIpLg==
  dependencies:
    cipher-base "^1.0.3"
    create-hash "^1.1.0"
    inherits "^2.0.1"
    ripemd160 "^2.0.0"
    safe-buffer "^5.0.1"
    sha.js "^2.4.8"

create-require@^1.1.0:
  version "1.1.1"
  resolved "https://registry.npmjs.org/create-require/-/create-require-1.1.1.tgz"
  integrity sha512-dcKFX3jn0MpIaXjisoRvexIJVEKzaq7z2rZKxf+MSr9TkdmHmsU4m2lcLojrj/FHl8mk5VxMmYA+ftRkP/3oKQ==

cross-fetch@^3.1.5:
  version "3.1.6"
  resolved "https://registry.npmjs.org/cross-fetch/-/cross-fetch-3.1.6.tgz"
  integrity sha512-riRvo06crlE8HiqOwIpQhxwdOk4fOeR7FVM/wXoxchFEqMNUjvbs3bfo4OTgMEMHzppd4DxFBDbyySj8Cv781g==
  dependencies:
    node-fetch "^2.6.11"

cross-spawn@^7.0.6:
  version "7.0.6"
  resolved "https://registry.yarnpkg.com/cross-spawn/-/cross-spawn-7.0.6.tgz#8a58fe78f00dcd70c370451759dfbfaf03e8ee9f"
  integrity sha512-uV2QOWP2nWzsy2aMp8aRibhi9dlzF5Hgh5SHaB9OiTGEyDTiJJyx0uy51QXdyWbtAHNua4XJzUKca3OzKUd3vA==
  dependencies:
    path-key "^3.1.0"
    shebang-command "^2.0.0"
    which "^2.0.1"

css-select@^5.1.0:
  version "5.1.0"
  resolved "https://registry.npmjs.org/css-select/-/css-select-5.1.0.tgz"
  integrity sha512-nwoRF1rvRRnnCqqY7updORDsuqKzqYJ28+oSMaJMMgOauh3fvwHqMS7EZpIPqK8GL+g9mKxF1vP/ZjSeNjEVHg==
  dependencies:
    boolbase "^1.0.0"
    css-what "^6.1.0"
    domhandler "^5.0.2"
    domutils "^3.0.1"
    nth-check "^2.0.1"

css-what@^6.1.0:
  version "6.1.0"
  resolved "https://registry.npmjs.org/css-what/-/css-what-6.1.0.tgz"
  integrity sha512-HTUrgRJ7r4dsZKU6GjmpfRK1O76h97Z8MfS1G0FozR+oF2kG6Vfe8JE6zwrkbxigziPHinCJ+gCPjA9EaBDtRw==

diff@^4.0.1:
  version "4.0.2"
  resolved "https://registry.npmjs.org/diff/-/diff-4.0.2.tgz"
  integrity sha512-58lmxKSA4BNyLz+HHMUzlOEpg09FV+ev6ZMe3vJihgdxzgcwZ8VoEEPmALCZG9LmqfVoNMMKpttIYTVG6uDY7A==

dom-serializer@^2.0.0:
  version "2.0.0"
  resolved "https://registry.npmjs.org/dom-serializer/-/dom-serializer-2.0.0.tgz"
  integrity sha512-wIkAryiqt/nV5EQKqQpo3SToSOV9J0DnbJqwK7Wv/Trc92zIAYZ4FlMu+JPFW1DfGFt81ZTCGgDEabffXeLyJg==
  dependencies:
    domelementtype "^2.3.0"
    domhandler "^5.0.2"
    entities "^4.2.0"

domelementtype@^2.3.0:
  version "2.3.0"
  resolved "https://registry.npmjs.org/domelementtype/-/domelementtype-2.3.0.tgz"
  integrity sha512-OLETBj6w0OsagBwdXnPdN0cnMfF9opN69co+7ZrbfPGrdpPVNBUj02spi6B1N7wChLQiPn4CSH/zJvXw56gmHw==

domhandler@^5.0.2, domhandler@^5.0.3:
  version "5.0.3"
  resolved "https://registry.npmjs.org/domhandler/-/domhandler-5.0.3.tgz"
  integrity sha512-cgwlv/1iFQiFnU96XXgROh8xTeetsnJiDsTc7TYCLFd9+/WNkIqPTxiM/8pSd8VIrhXGTf1Ny1q1hquVqDJB5w==
  dependencies:
    domelementtype "^2.3.0"

domutils@^3.0.1:
  version "3.1.0"
  resolved "https://registry.npmjs.org/domutils/-/domutils-3.1.0.tgz"
  integrity sha512-H78uMmQtI2AhgDJjWeQmHwJJ2bLPD3GMmO7Zja/ZZh84wkm+4ut+IUnUdRa8uCGX88DiVx1j6FRe1XfxEgjEZA==
  dependencies:
    dom-serializer "^2.0.0"
    domelementtype "^2.3.0"
    domhandler "^5.0.3"

dotenv@^17.4.2:
  version "17.4.2"
  resolved "https://registry.yarnpkg.com/dotenv/-/dotenv-17.4.2.tgz#c07e54a746e11eba021dd9e1047ced5afdc1c034"
  integrity sha512-nI4U3TottKAcAD9LLud4Cb7b2QztQMUEfHbvhTH09bqXTxnSie8WnjPALV/WMCrJZ6UV/qHJ6L03OqO3LcdYZw==

elliptic@6.6.1:
  version "6.6.1"
  resolved "https://registry.yarnpkg.com/elliptic/-/elliptic-6.6.1.tgz#3b8ffb02670bf69e382c7f65bf524c97c5405c06"
  integrity sha512-RaddvvMatK2LJHqFJ+YA4WysVN5Ita9E35botqIYspQ4TkRAlCicdzKOjlyv/1Za5RyTNn7di//eEV0uTAfe3g==
  dependencies:
    bn.js "^4.11.9"
    brorand "^1.1.0"
    hash.js "^1.0.0"
    hmac-drbg "^1.0.1"
    inherits "^2.0.4"
    minimalistic-assert "^1.0.1"
    minimalistic-crypto-utils "^1.0.1"

elliptic@^6.5.4:
  version "6.5.4"
  resolved "https://registry.npmjs.org/elliptic/-/elliptic-6.5.4.tgz"
  integrity sha512-iLhC6ULemrljPZb+QutR5TQGB+pdW6KGD5RSegS+8sorOZT+rdQFbsQFJgvN3eRqNALqJer4oQ16YvJHlU8hzQ==
  dependencies:
    bn.js "^4.11.9"
    brorand "^1.1.0"
    hash.js "^1.0.0"
    hmac-drbg "^1.0.1"
    inherits "^2.0.4"
    minimalistic-assert "^1.0.1"
    minimalistic-crypto-utils "^1.0.1"

entities@^4.2.0, entities@^4.4.0:
  version "4.5.0"
  resolved "https://registry.npmjs.org/entities/-/entities-4.5.0.tgz"
  integrity sha512-V0hjH4dGPh9Ao5p0MoRY6BVqtwCjhz6vI5LT8AJ55H+4g9/4vbHx1I54fS0XuclLhDHArPQCiMjDxjaL8fPxhw==

env-cmd@^11.0.0:
  version "11.0.0"
  resolved "https://registry.yarnpkg.com/env-cmd/-/env-cmd-11.0.0.tgz#5912634c865f294a74745747d852aae07fd0d9a5"
  integrity sha512-gnG7H1PlwPqsGhFJNTv68lsDGyQdK+U9DwLVitcj1+wGq7LeOBgUzZd2puZ710bHcH9NfNeGWe2sbw7pdvAqDw==
  dependencies:
    "@commander-js/extra-typings" "^13.1.0"
    commander "^13.1.0"
    cross-spawn "^7.0.6"

ethereum-cryptography@^0.1.3:
  version "0.1.3"
  resolved "https://registry.npmjs.org/ethereum-cryptography/-/ethereum-cryptography-0.1.3.tgz"
  integrity sha512-w8/4x1SGGzc+tO97TASLja6SLd3fRIK2tLVcV2Gx4IB21hE19atll5Cq9o3d0ZmAYC/8aw0ipieTSiekAea4SQ==
  dependencies:
    "@types/pbkdf2" "^3.0.0"
    "@types/secp256k1" "^4.0.1"
    blakejs "^1.1.0"
    browserify-aes "^1.2.0"
    bs58check "^2.1.2"
    create-hash "^1.2.0"
    create-hmac "^1.1.7"
    hash.js "^1.1.7"
    keccak "^3.0.0"
    pbkdf2 "^3.0.17"
    randombytes "^2.1.0"
    safe-buffer "^5.1.2"
    scrypt-js "^3.0.0"
    secp256k1 "^4.0.1"
    setimmediate "^1.0.5"

ethereumjs-util@^7.1.4:
  version "7.1.5"
  resolved "https://registry.npmjs.org/ethereumjs-util/-/ethereumjs-util-7.1.5.tgz"
  integrity sha512-SDl5kKrQAudFBUe5OJM9Ac6WmMyYmXX/6sTmLZ3ffG2eY6ZIGBes3pEDxNN6V72WyOw4CPD5RomKdsa8DAAwLg==
  dependencies:
    "@types/bn.js" "^5.1.0"
    bn.js "^5.1.2"
    create-hash "^1.1.2"
    ethereum-cryptography "^0.1.3"
    rlp "^2.2.4"

ethers@^5.8.0:
  version "5.8.0"
  resolved "https://registry.yarnpkg.com/ethers/-/ethers-5.8.0.tgz#97858dc4d4c74afce83ea7562fe9493cedb4d377"
  integrity sha512-DUq+7fHrCg1aPDFCHx6UIPb3nmt2XMpM7Y/g2gLhsl3lIBqeAfOJIl1qEvRf2uq3BiKxmh6Fh5pfp2ieyek7Kg==
  dependencies:
    "@ethersproject/abi" "5.8.0"
    "@ethersproject/abstract-provider" "5.8.0"
    "@ethersproject/abstract-signer" "5.8.0"
    "@ethersproject/address" "5.8.0"
    "@ethersproject/base64" "5.8.0"
    "@ethersproject/basex" "5.8.0"
    "@ethersproject/bignumber" "5.8.0"
    "@ethersproject/bytes" "5.8.0"
    "@ethersproject/constants" "5.8.0"
    "@ethersproject/contracts" "5.8.0"
    "@ethersproject/hash" "5.8.0"
    "@ethersproject/hdnode" "5.8.0"
    "@ethersproject/json-wallets" "5.8.0"
    "@ethersproject/keccak256" "5.8.0"
    "@ethersproject/logger" "5.8.0"
    "@ethersproject/networks" "5.8.0"
    "@ethersproject/pbkdf2" "5.8.0"
    "@ethersproject/properties" "5.8.0"
    "@ethersproject/providers" "5.8.0"
    "@ethersproject/random" "5.8.0"
    "@ethersproject/rlp" "5.8.0"
    "@ethersproject/sha2" "5.8.0"
    "@ethersproject/signing-key" "5.8.0"
    "@ethersproject/solidity" "5.8.0"
    "@ethersproject/strings" "5.8.0"
    "@ethersproject/transactions" "5.8.0"
    "@ethersproject/units" "5.8.0"
    "@ethersproject/wallet" "5.8.0"
    "@ethersproject/web" "5.8.0"
    "@ethersproject/wordlists" "5.8.0"

evp_bytestokey@^1.0.3:
  version "1.0.3"
  resolved "https://registry.npmjs.org/evp_bytestokey/-/evp_bytestokey-1.0.3.tgz"
  integrity sha512-/f2Go4TognH/KvCISP7OUsHn85hT9nUkxxA9BEWxFn+Oj9o8ZNLm/40hdlgSLyuOimsrTKLUMEorQexp/aPQeA==
  dependencies:
    md5.js "^1.3.4"
    safe-buffer "^5.1.1"

hash-base@^3.0.0:
  version "3.1.0"
  resolved "https://registry.npmjs.org/hash-base/-/hash-base-3.1.0.tgz"
  integrity sha512-1nmYp/rhMDiE7AYkDw+lLwlAzz0AntGIe51F3RfFfEqyQ3feY2eI/NcwC6umIQVOASPMsWJLJScWKSSvzL9IVA==
  dependencies:
    inherits "^2.0.4"
    readable-stream "^3.6.0"
    safe-buffer "^5.2.0"

hash.js@1.1.7, hash.js@^1.0.0, hash.js@^1.0.3, hash.js@^1.1.7:
  version "1.1.7"
  resolved "https://registry.npmjs.org/hash.js/-/hash.js-1.1.7.tgz"
  integrity sha512-taOaskGt4z4SOANNseOviYDvjEJinIkRgmp7LbKP2YTTmVxWBl87s/uzK9r+44BclBSp2X7K1hqeNfz9JbBeXA==
  dependencies:
    inherits "^2.0.3"
    minimalistic-assert "^1.0.1"

hmac-drbg@^1.0.1:
  version "1.0.1"
  resolved "https://registry.npmjs.org/hmac-drbg/-/hmac-drbg-1.0.1.tgz"
  integrity sha512-Tti3gMqLdZfhOQY1Mzf/AanLiqh1WTiJgEj26ZuYQ9fbkLomzGchCws4FyrSd4VkpBfiNhaE1On+lOz894jvXg==
  dependencies:
    hash.js "^1.0.3"
    minimalistic-assert "^1.0.0"
    minimalistic-crypto-utils "^1.0.1"

htmlparser2@^8.0.1:
  version "8.0.2"
  resolved "https://registry.npmjs.org/htmlparser2/-/htmlparser2-8.0.2.tgz"
  integrity sha512-GYdjWKDkbRLkZ5geuHs5NY1puJ+PXwP7+fHPRz06Eirsb9ugf6d8kkXav6ADhcODhFFPMIXyxkxSuMf3D6NCFA==
  dependencies:
    domelementtype "^2.3.0"
    domhandler "^5.0.3"
    domutils "^3.0.1"
    entities "^4.4.0"

inherits@^2.0.1, inherits@^2.0.3, inherits@^2.0.4:
  version "2.0.4"
  resolved "https://registry.npmjs.org/inherits/-/inherits-2.0.4.tgz"
  integrity sha512-k/vGaX4/Yla3WzyMCvTQOXYeIHvqOKtnqBduzTHpzpQZzAskKMhZ2K+EnBiSM9zGSoIFeMpXKxa4dYeZIQqewQ==

isexe@^2.0.0:
  version "2.0.0"
  resolved "https://registry.npmjs.org/isexe/-/isexe-2.0.0.tgz"
  integrity sha512-RHxMLp9lnKHGHRng9QFhRCMbYAcVpn69smSGcq3f36xjgVVWThj4qqLbTLlq7Ssj8B+fIQ1EuCEGI2lKsyQeIw==

isomorphic-unfetch@^3.1.0:
  version "3.1.0"
  resolved "https://registry.npmjs.org/isomorphic-unfetch/-/isomorphic-unfetch-3.1.0.tgz"
  integrity sha512-geDJjpoZ8N0kWexiwkX8F9NkTsXhetLPVbZFQ+JTW239QNOwvB0gniuR1Wc6f0AMTn7/mFGyXvHTifrCp/GH8Q==
  dependencies:
    node-fetch "^2.6.1"
    unfetch "^4.2.0"

js-sha3@0.8.0:
  version "0.8.0"
  resolved "https://registry.npmjs.org/js-sha3/-/js-sha3-0.8.0.tgz"
  integrity sha512-gF1cRrHhIzNfToc802P800N8PpXS+evLLXfsVpowqmAFR9uwbi89WvXg2QspOmXL8QL86J4T1EpFu+yUkwJY3Q==

keccak@^3.0.0:
  version "3.0.3"
  resolved "https://registry.npmjs.org/keccak/-/keccak-3.0.3.tgz"
  integrity sha512-JZrLIAJWuZxKbCilMpNz5Vj7Vtb4scDG3dMXLOsbzBmQGyjwE61BbW7bJkfKKCShXiQZt3T6sBgALRtmd+nZaQ==
  dependencies:
    node-addon-api "^2.0.0"
    node-gyp-build "^4.2.0"
    readable-stream "^3.6.0"

loglevel@^1.8.0:
  version "1.8.1"
  resolved "https://registry.npmjs.org/loglevel/-/loglevel-1.8.1.tgz"
  integrity sha512-tCRIJM51SHjAayKwC+QAg8hT8vg6z7GSgLJKGvzuPb1Wc+hLzqtuVLxp6/HzSPOozuK+8ErAhy7U/sVzw8Dgfg==

make-error@^1.1.1:
  version "1.3.6"
  resolved "https://registry.npmjs.org/make-error/-/make-error-1.3.6.tgz"
  integrity sha512-s8UhlNe7vPKomQhC1qFelMokr/Sc3AgNbso3n74mVPA5LTZwkB9NlXf4XPamLxJE8h0gh73rM94xvwRT2CVInw==

md5.js@^1.3.4:
  version "1.3.5"
  resolved "https://registry.npmjs.org/md5.js/-/md5.js-1.3.5.tgz"
  integrity sha512-xitP+WxNPcTTOgnTJcrhM0xvdPepipPSf3I8EIpGKeFLjt3PlJLIDG3u8EX53ZIubkb+5U2+3rELYpEhHhzdkg==
  dependencies:
    hash-base "^3.0.0"
    inherits "^2.0.1"
    safe-buffer "^5.1.2"

minimalistic-assert@^1.0.0, minimalistic-assert@^1.0.1:
  version "1.0.1"
  resolved "https://registry.npmjs.org/minimalistic-assert/-/minimalistic-assert-1.0.1.tgz"
  integrity sha512-UtJcAD4yEaGtjPezWuO9wC4nwUnVH/8/Im3yEHQP4b67cXlD/Qr9hdITCU1xDbSEXg2XKNaP8jsReV7vQd00/A==

minimalistic-crypto-utils@^1.0.1:
  version "1.0.1"
  resolved "https://registry.npmjs.org/minimalistic-crypto-utils/-/minimalistic-crypto-utils-1.0.1.tgz"
  integrity sha512-JIYlbt6g8i5jKfJ3xz7rF0LXmv2TkDxBLUkiBeZ7bAx4GnnNMr8xFpGnOxn6GhTEHx3SjRrZEoU+j04prX1ktg==

node-addon-api@^2.0.0:
  version "2.0.2"
  resolved "https://registry.npmjs.org/node-addon-api/-/node-addon-api-2.0.2.tgz"
  integrity sha512-Ntyt4AIXyaLIuMHF6IOoTakB3K+RWxwtsHNRxllEoA6vPwP9o4866g6YWDLUdnucilZhmkxiHwHr11gAENw+QA==

node-fetch@^2.6.1, node-fetch@^2.6.11:
  version "2.6.12"
  resolved "https://registry.npmjs.org/node-fetch/-/node-fetch-2.6.12.tgz"
  integrity sha512-C/fGU2E8ToujUivIO0H+tpQ6HWo4eEmchoPIoXtxCrVghxdKq+QOHqEZW7tuP3KlV3bC8FRMO5nMCC7Zm1VP6g==
  dependencies:
    whatwg-url "^5.0.0"

node-gyp-build@^4.2.0:
  version "4.6.0"
  resolved "https://registry.npmjs.org/node-gyp-build/-/node-gyp-build-4.6.0.tgz"
  integrity sha512-NTZVKn9IylLwUzaKjkas1e4u2DLNcV4rdYagA4PWdPwW87Bi7z+BznyKSRwS/761tV/lzCGXplWsiaMjLqP2zQ==

nth-check@^2.0.1:
  version "2.1.1"
  resolved "https://registry.npmjs.org/nth-check/-/nth-check-2.1.1.tgz"
  integrity sha512-lqjrjmaOoAnWfMmBPL+XNnynZh2+swxiX3WUE0s4yEHI6m+AwrK2UZOimIRl3X/4QctVqS8AiZjFqyOGrMXb/w==
  dependencies:
    boolbase "^1.0.0"

parse5-htmlparser2-tree-adapter@^7.0.0:
  version "7.0.0"
  resolved "https://registry.npmjs.org/parse5-htmlparser2-tree-adapter/-/parse5-htmlparser2-tree-adapter-7.0.0.tgz"
  integrity sha512-B77tOZrqqfUfnVcOrUvfdLbz4pu4RopLD/4vmu3HUPswwTA8OH0EMW9BlWR2B0RCoiZRAHEUu7IxeP1Pd1UU+g==
  dependencies:
    domhandler "^5.0.2"
    parse5 "^7.0.0"

parse5@^7.0.0:
  version "7.1.2"
  resolved "https://registry.npmjs.org/parse5/-/parse5-7.1.2.tgz"
  integrity sha512-Czj1WaSVpaoj0wbhMzLmWD69anp2WH7FXMB9n1Sy8/ZFF9jolSQVMu1Ij5WIyGmcBmhk7EOndpO4mIpihVqAXw==
  dependencies:
    entities "^4.4.0"

path-key@^3.1.0:
  version "3.1.1"
  resolved "https://registry.npmjs.org/path-key/-/path-key-3.1.1.tgz"
  integrity sha512-ojmeN0qd+y0jszEtoY48r0Peq5dwMEkIlCOu6Q5f41lfkswXuKtYrhgoTpLnyIcHm24Uhqx+5Tqm2InSwLhE6Q==

pbkdf2@^3.0.17:
  version "3.1.2"
  resolved "https://registry.npmjs.org/pbkdf2/-/pbkdf2-3.1.2.tgz"
  integrity sha512-iuh7L6jA7JEGu2WxDwtQP1ddOpaJNC4KlDEFfdQajSGgGPNi4OyDc2R7QnbY2bR9QjBVGwgvTdNJZoE7RaxUMA==
  dependencies:
    create-hash "^1.1.2"
    create-hmac "^1.1.4"
    ripemd160 "^2.0.1"
    safe-buffer "^5.0.1"
    sha.js "^2.4.8"

prettier-plugin-solidity@1.4.3:
  version "1.4.3"
  resolved "https://registry.yarnpkg.com/prettier-plugin-solidity/-/prettier-plugin-solidity-1.4.3.tgz#73f8adeb0214fb3db1c2d59023b39e079be69019"
  integrity sha512-Mrr/iiR9f9IaeGRMZY2ApumXcn/C5Gs3S7B7hWB3gigBFML06C0yEyW86oLp0eqiA0qg+46FaChgLPJCj/pIlg==
  dependencies:
    "@solidity-parser/parser" "^0.20.1"
    semver "^7.7.1"

prettier@^3.9.6:
  version "3.9.6"
  resolved "https://registry.yarnpkg.com/prettier/-/prettier-3.9.6.tgz#b3ea5146515d40fc53f18aa63f74dfab1e10dbf6"
  integrity sha512-OpN0zzVdiaiAhxpuuj5efpIS4sY9j7bY6uR5mnj5yPzGkdkjNKSJeUThPb60Jw29QuAZgA4o+/iB49kFiaBX6g==

randombytes@^2.1.0:
  version "2.1.0"
  resolved "https://registry.npmjs.org/randombytes/-/randombytes-2.1.0.tgz"
  integrity sha512-vYl3iOX+4CKUWuxGi9Ukhie6fsqXqS9FE2Zaic4tNFD2N2QQaXOMFbuKK4QmDHC0JO6B1Zp41J0LpT0oR68amQ==
  dependencies:
    safe-buffer "^5.1.0"

readable-stream@^3.6.0:
  version "3.6.2"
  resolved "https://registry.npmjs.org/readable-stream/-/readable-stream-3.6.2.tgz"
  integrity sha512-9u/sniCrY3D5WdsERHzHE4G2YCXqoG5FTHUiCC4SIbr6XcLZBY05ya9EKjYek9O5xOAwjGq+1JdGBAS7Q9ScoA==
  dependencies:
    inherits "^2.0.3"
    string_decoder "^1.1.1"
    util-deprecate "^1.0.1"

ripemd160@^2.0.0, ripemd160@^2.0.1:
  version "2.0.2"
  resolved "https://registry.npmjs.org/ripemd160/-/ripemd160-2.0.2.tgz"
  integrity sha512-ii4iagi25WusVoiC4B4lq7pbXfAp3D9v5CwfkY33vffw2+pkDjY1D8GaN7spsxvCSx8dkPqOZCEZyfxcmJG2IA==
  dependencies:
    hash-base "^3.0.0"
    inherits "^2.0.1"

rlp@^2.2.4:
  version "2.2.7"
  resolved "https://registry.npmjs.org/rlp/-/rlp-2.2.7.tgz"
  integrity sha512-d5gdPmgQ0Z+AklL2NVXr/IoSjNZFfTVvQWzL/AM2AOcSzYP2xjlb0AC8YyCLc41MSNf6P6QVtjgPdmVtzb+4lQ==
  dependencies:
    bn.js "^5.2.0"

safe-buffer@^5.0.1, safe-buffer@^5.1.0, safe-buffer@^5.1.1, safe-buffer@^5.1.2, safe-buffer@^5.2.0, safe-buffer@~5.2.0:
  version "5.2.1"
  resolved "https://registry.npmjs.org/safe-buffer/-/safe-buffer-5.2.1.tgz"
  integrity sha512-rp3So07KcdmmKbGvgaNxQSJr7bGVSVk5S9Eq1F+ppbRo70+YeaDxkw5Dd8NPN+GD6bjnYm2VuPuCXmpuYvmCXQ==

scrypt-js@3.0.1, scrypt-js@^3.0.0:
  version "3.0.1"
  resolved "https://registry.npmjs.org/scrypt-js/-/scrypt-js-3.0.1.tgz"
  integrity sha512-cdwTTnqPu0Hyvf5in5asVdZocVDTNRmR7XEcJuIzMjJeSHybHl7vpB66AzwTaIg6CLSbtjcxc8fqcySfnTkccA==

secp256k1@^4.0.1:
  version "4.0.3"
  resolved "https://registry.npmjs.org/secp256k1/-/secp256k1-4.0.3.tgz"
  integrity sha512-NLZVf+ROMxwtEj3Xa562qgv2BK5e2WNmXPiOdVIPLgs6lyTzMvBq0aWTYMI5XCP9jZMVKOcqZLw/Wc4vDkuxhA==
  dependencies:
    elliptic "^6.5.4"
    node-addon-api "^2.0.0"
    node-gyp-build "^4.2.0"

semver@^7.7.1:
  version "7.8.5"
  resolved "https://registry.yarnpkg.com/semver/-/semver-7.8.5.tgz#39b646037dd50c14fb451e7e4cac58ed8b863f69"
  integrity sha512-Y7/KDsb8LjooZpwaqGyulO6DQlksgCncchHGk+sZIY4SBvUocMBEFH5Ur1fI4dV+Jvl0w6cjvucaIi40puRioA==

setimmediate@^1.0.5:
  version "1.0.5"
  resolved "https://registry.npmjs.org/setimmediate/-/setimmediate-1.0.5.tgz"
  integrity sha512-MATJdZp8sLqDl/68LfQmbP8zKPLQNV6BIZoIgrscFDQ+RsvK/BxeDQOgyxKKoh0y/8h3BqVFnCqQ/gd+reiIXA==

sha.js@^2.4.0, sha.js@^2.4.8:
  version "2.4.11"
  resolved "https://registry.npmjs.org/sha.js/-/sha.js-2.4.11.tgz"
  integrity sha512-QMEp5B7cftE7APOjk5Y6xgrbWu+WkLVQwk8JNjZ8nKRciZaByEW6MubieAiToS7+dwvrjGhH8jRXz3MVd0AYqQ==
  dependencies:
    inherits "^2.0.1"
    safe-buffer "^5.0.1"

shebang-command@^2.0.0:
  version "2.0.0"
  resolved "https://registry.npmjs.org/shebang-command/-/shebang-command-2.0.0.tgz"
  integrity sha512-kHxr2zZpYtdmrN1qDjrrX/Z1rR1kG8Dx+gkpK1G4eXmvXswmcE1hTWBWYUzlraYw1/yZp6YuDY77YtvbN0dmDA==
  dependencies:
    shebang-regex "^3.0.0"

shebang-regex@^3.0.0:
  version "3.0.0"
  resolved "https://registry.npmjs.org/shebang-regex/-/shebang-regex-3.0.0.tgz"
  integrity sha512-7++dFhtcx3353uBaq8DDR4NuxBetBzC7ZQOhmTQInHEd6bSrXdiEyzCvG07Z44UYdLShWUyXt5M/yhz8ekcb1A==

string_decoder@^1.1.1:
  version "1.3.0"
  resolved "https://registry.npmjs.org/string_decoder/-/string_decoder-1.3.0.tgz"
  integrity sha512-hkRX8U1WjJFd8LsDJ2yQ/wWWxaopEsABU1XfkM8A+j0+85JAGppt16cr1Whg6KIbb4okU6Mql6BOj+uup/wKeA==
  dependencies:
    safe-buffer "~5.2.0"

tr46@~0.0.3:
  version "0.0.3"
  resolved "https://registry.npmjs.org/tr46/-/tr46-0.0.3.tgz"
  integrity sha512-N3WMsuqV66lT30CrXNbEjx4GEwlow3v6rr4mCcv6prnfwhS01rkgyFdjPNBYd9br7LpXV1+Emh01fHnq2Gdgrw==

ts-node@^10.9.2:
  version "10.9.2"
  resolved "https://registry.yarnpkg.com/ts-node/-/ts-node-10.9.2.tgz#70f021c9e185bccdca820e26dc413805c101c71f"
  integrity sha512-f0FFpIdcHgn8zcPSbf1dRevwt047YMnaiJM3u2w2RewrB+fob/zePZcrOyQoLMMO7aBIddLcQIEK5dYjkLnGrQ==
  dependencies:
    "@cspotcode/source-map-support" "^0.8.0"
    "@tsconfig/node10" "^1.0.7"
    "@tsconfig/node12" "^1.0.7"
    "@tsconfig/node14" "^1.0.0"
    "@tsconfig/node16" "^1.0.2"
    acorn "^8.4.1"
    acorn-walk "^8.1.1"
    arg "^4.1.0"
    create-require "^1.1.0"
    diff "^4.0.1"
    make-error "^1.1.1"
    v8-compile-cache-lib "^3.0.1"
    yn "3.1.1"

tslib@^2.4.0:
  version "2.5.0"
  resolved "https://registry.npmjs.org/tslib/-/tslib-2.5.0.tgz"
  integrity sha512-336iVw3rtn2BUK7ORdIAHTyxHGRIHVReokCR3XjbckJMK7ms8FysBfhLR8IXnAgy7T0PTPNBWKiH514FOW/WSg==

typescript@^5.9.3:
  version "5.9.3"
  resolved "https://registry.yarnpkg.com/typescript/-/typescript-5.9.3.tgz#5b4f59e15310ab17a216f5d6cf53ee476ede670f"
  integrity sha512-jl1vZzPDinLr9eUt3J/t7V6FgNEw9QjvBPdysz9KfQDD41fQrC2Y4vKQdiaUpFT4bXlb1RHhLpp8wtm6M5TgSw==

undici-types@~6.21.0:
  version "6.21.0"
  resolved "https://registry.yarnpkg.com/undici-types/-/undici-types-6.21.0.tgz#691d00af3909be93a7faa13be61b3a5b50ef12cb"
  integrity sha512-iwDZqg0QAGrg9Rav5H4n0M64c3mkR59cJ6wQp+7C4nI0gsmExaedaYLNO44eT4AtBBwjbTiGPMlt2Md0T9H9JQ==

unfetch@^4.2.0:
  version "4.2.0"
  resolved "https://registry.npmjs.org/unfetch/-/unfetch-4.2.0.tgz"
  integrity sha512-F9p7yYCn6cIW9El1zi0HI6vqpeIvBsr3dSuRO6Xuppb1u5rXpCPmMvLSyECLhybr9isec8Ohl0hPekMVrEinDA==

util-deprecate@^1.0.1:
  version "1.0.2"
  resolved "https://registry.npmjs.org/util-deprecate/-/util-deprecate-1.0.2.tgz"
  integrity sha512-EPD5q1uXyFxJpCrLnCc1nHnq3gOa6DZBocAIiI2TaSCA7VCJ1UJDMagCzIkXNsUYfD1daK//LTEQ8xiIbrHtcw==

v8-compile-cache-lib@^3.0.1:
  version "3.0.1"
  resolved "https://registry.npmjs.org/v8-compile-cache-lib/-/v8-compile-cache-lib-3.0.1.tgz"
  integrity sha512-wa7YjyUGfNZngI/vtK0UHAN+lgDCxBPCylVXGp0zu59Fz5aiGtNXaq3DhIov063MorB+VfufLh3JlF2KdTK3xg==

webidl-conversions@^3.0.0:
  version "3.0.1"
  resolved "https://registry.npmjs.org/webidl-conversions/-/webidl-conversions-3.0.1.tgz"
  integrity sha512-2JAn3z8AR6rjK8Sm8orRC0h/bcl/DqL7tRPdGZ4I1CjdF+EaMLmYxBHyXuKL849eucPFhvBoxMsflfOb8kxaeQ==

whatwg-url@^5.0.0:
  version "5.0.0"
  resolved "https://registry.npmjs.org/whatwg-url/-/whatwg-url-5.0.0.tgz"
  integrity sha512-saE57nupxk6v3HY35+jzBwYa0rKSy0XR8JSxZPwgLr7ys0IBzhGviA1/TUGJLmSVqs8pb9AnvICXEuOHLprYTw==
  dependencies:
    tr46 "~0.0.3"
    webidl-conversions "^3.0.0"

which@^2.0.1:
  version "2.0.2"
  resolved "https://registry.npmjs.org/which/-/which-2.0.2.tgz"
  integrity sha512-BLI3Tl1TW3Pvl70l3yq3Y64i+awpwXqsGBYWkkqMtnbXgrMD+yj7rhW0kuEDxzJaYXGjEW5ogapKNMEKNMjibA==
  dependencies:
    isexe "^2.0.0"

ws@8.18.0:
  version "8.18.0"
  resolved "https://registry.yarnpkg.com/ws/-/ws-8.18.0.tgz#0d7505a6eafe2b0e712d232b42279f53bc289bbc"
  integrity sha512-8VbfWfHLbbwu3+N6OKsOMpBdT4kXPDDB9cJk2bJ6mh9ucxdlnNvH1e+roYkKmN9Nxw2yjz7VzeO9oOz2zJ04Pw==

yn@3.1.1:
  version "3.1.1"
  resolved "https://registry.npmjs.org/yn/-/yn-3.1.1.tgz"
  integrity sha512-Ux4ygGWsu2c7isFWe8Yu1YluJmqVhxqK2cLXNQA5AcC3QfbGNpM7fu0Y8b/z16pXLnFxZYvWhd3fhBY9DLmC6Q==
